NeoBundleLock ack.vim 923507cadc0b8b73b238db67a28a7ed00194f319
NeoBundleLock auto-pairs b647ef54cd2d991d5221b97fb5dbb3c0477fdc64
NeoBundleLock gundo.vim 3975ac871565115e3769dc69c06bc88ddc1369af
NeoBundleLock neobundle.vim ed123adb1dd31358f1ed35e852fb219c5214cf7c
NeoBundleLock neocomplete.vim f9dc73213073bd54eb920ebe456201b417ab2ab9
NeoBundleLock neosnippet 5faebdef65ce35501d6caac601cd871e377dfc9a
NeoBundleLock neosnippet-snippets 8fccc7fb96bf1c45be7405c4c10416ad10199b9e
NeoBundleLock nerdtree 96c07746b46c12d0aca7a5276cc5bd0a260b82fe
NeoBundleLock tern_for_vim 63f7f56bbcd0359897ed45dff0ec7b9f0a992376
NeoBundleLock tmuxline.vim 1e638ef6b2673130db123f25b1ae1160c5289bb8
NeoBundleLock unite.vim dfdff3df30d5c09fe406956076eca31da47fa3a1
NeoBundleLock vim-airline 78566c37aeb3b7609eee84a7b10114a0f512830e
NeoBundleLock vim-colors-solarized 528a59f26d12278698bb946f8fb82a63711eec21
NeoBundleLock vim-fugitive 7c4a90614792cf4b74e0f3386cc6b14046419312
NeoBundleLock vim-javascript bab4f3944fb6ef0953991ddfb6c734219c95b83a
NeoBundleLock vim-signature 7ab61e2a5101ec139a54735b432a6e95a22770d8
NeoBundleLock vim-surround 772ab9587b7d1e2c3bae75395c9123803059ba8a
NeoBundleLock vimproc 6b8b3c724e161f39c0938046a2072f9668fc802b
NeoBundleLock vimshell f1d033d955545ac0ff4977854135b1ce0e63700f
